// !$*UTF8*$!
{
	archiveVersion = 1;
	classes = {
	};
	objectVersion = 50;
	objects = {

/* Begin PBXBuildFile section */
		D7125C84257C4C0E00DC7FA2 /* CancelBag.swift in Sources */ = {isa = PBXBuildFile; fileRef = D7125C83257C4C0E00DC7FA2 /* CancelBag.swift */; };
		D7125C89257C4CB200DC7FA2 /* Loadable.swift in Sources */ = {isa = PBXBuildFile; fileRef = D7125C88257C4CB200DC7FA2 /* Loadable.swift */; };
		D7125C8E257C4D4B00DC7FA2 /* Helpers.swift in Sources */ = {isa = PBXBuildFile; fileRef = D7125C8D257C4D4B00DC7FA2 /* Helpers.swift */; };
		D7125C93257C659000DC7FA2 /* Store.swift in Sources */ = {isa = PBXBuildFile; fileRef = D7125C92257C659000DC7FA2 /* Store.swift */; };
		D7125C9B257C66F800DC7FA2 /* LearningRoadView.swift in Sources */ = {isa = PBXBuildFile; fileRef = D7125C9A257C66F800DC7FA2 /* LearningRoadView.swift */; };
		D7125CA0257C6DC100DC7FA2 /* LearningObjectiveView.swift in Sources */ = {isa = PBXBuildFile; fileRef = D7125C9F257C6DC100DC7FA2 /* LearningObjectiveView.swift */; };
		D7125CB3257D378000DC7FA2 /* DefaultLearningJourneys.json in Resources */ = {isa = PBXBuildFile; fileRef = D7125CB2257D378000DC7FA2 /* DefaultLearningJourneys.json */; };
		D7125CBB257D719E00DC7FA2 /* ImageManager.swift in Sources */ = {isa = PBXBuildFile; fileRef = D7125CBA257D719E00DC7FA2 /* ImageManager.swift */; };
		D7125CC3257D786E00DC7FA2 /* ColorManager.swift in Sources */ = {isa = PBXBuildFile; fileRef = D7125CC2257D786E00DC7FA2 /* ColorManager.swift */; };
		D7125CC9257DA0C900DC7FA2 /* TextPill.swift in Sources */ = {isa = PBXBuildFile; fileRef = D7125CC8257DA0C900DC7FA2 /* TextPill.swift */; };
		D7125CD1257DA7C500DC7FA2 /* Color+Extension.swift in Sources */ = {isa = PBXBuildFile; fileRef = D7125CD0257DA7C500DC7FA2 /* Color+Extension.swift */; };
		D7125CD6257DA7DE00DC7FA2 /* String+Random.swift in Sources */ = {isa = PBXBuildFile; fileRef = D7125CD5257DA7DE00DC7FA2 /* String+Random.swift */; };
		D71F8355257DE194008B87F6 /* SearchBar.swift in Sources */ = {isa = PBXBuildFile; fileRef = D71F8354257DE194008B87F6 /* SearchBar.swift */; };
		D71F835A257DE6A7008B87F6 /* SystemsEventHandler.swift in Sources */ = {isa = PBXBuildFile; fileRef = D71F8359257DE6A7008B87F6 /* SystemsEventHandler.swift */; };
		D72F4E5B257C486E00EBBC69 /* LearningObjectivesLocalRepository.swift in Sources */ = {isa = PBXBuildFile; fileRef = D72F4E5A257C486E00EBBC69 /* LearningObjectivesLocalRepository.swift */; };
		D72F4E67257C49BA00EBBC69 /* LazyList.swift in Sources */ = {isa = PBXBuildFile; fileRef = D72F4E66257C49BA00EBBC69 /* LazyList.swift */; };
		D73A753F257B181200C9E1FC /* Learning_JourneyApp.swift in Sources */ = {isa = PBXBuildFile; fileRef = D73A753E257B181200C9E1FC /* Learning_JourneyApp.swift */; };
		D73A7541257B181200C9E1FC /* ContentView.swift in Sources */ = {isa = PBXBuildFile; fileRef = D73A7540257B181200C9E1FC /* ContentView.swift */; };
		D73A7543257B181300C9E1FC /* Assets.xcassets in Resources */ = {isa = PBXBuildFile; fileRef = D73A7542257B181300C9E1FC /* Assets.xcassets */; };
		D73A7546257B181300C9E1FC /* Preview Assets.xcassets in Resources */ = {isa = PBXBuildFile; fileRef = D73A7545257B181300C9E1FC /* Preview Assets.xcassets */; };
		D73A7551257B181300C9E1FC /* Learning_JourneyTests.swift in Sources */ = {isa = PBXBuildFile; fileRef = D73A7550257B181300C9E1FC /* Learning_JourneyTests.swift */; };
		D73A755C257B181300C9E1FC /* Learning_JourneyUITests.swift in Sources */ = {isa = PBXBuildFile; fileRef = D73A755B257B181300C9E1FC /* Learning_JourneyUITests.swift */; };
		D73A756D257B19A600C9E1FC /* Models.swift in Sources */ = {isa = PBXBuildFile; fileRef = D73A756C257B19A600C9E1FC /* Models.swift */; };
		D73A7573257B1AF600C9E1FC /* MockedModel.swift in Sources */ = {isa = PBXBuildFile; fileRef = D73A7572257B1AF600C9E1FC /* MockedModel.swift */; };
		D73A7584257B1D1900C9E1FC /* AppState.swift in Sources */ = {isa = PBXBuildFile; fileRef = D73A7583257B1D1900C9E1FC /* AppState.swift */; };
		D73A7589257B1E2B00C9E1FC /* DependencyInjector.swift in Sources */ = {isa = PBXBuildFile; fileRef = D73A7588257B1E2B00C9E1FC /* DependencyInjector.swift */; };
		D73A7593257B214700C9E1FC /* AppEnviroment.swift in Sources */ = {isa = PBXBuildFile; fileRef = D73A7592257B214700C9E1FC /* AppEnviroment.swift */; };
		D73A759C257B221D00C9E1FC /* LearningRoadInteractor.swift in Sources */ = {isa = PBXBuildFile; fileRef = D73A759B257B221D00C9E1FC /* LearningRoadInteractor.swift */; };
		D73A75A5257B28F300C9E1FC /* LearningJourneyView.swift in Sources */ = {isa = PBXBuildFile; fileRef = D73A75A4257B28F300C9E1FC /* LearningJourneyView.swift */; };
/* End PBXBuildFile section */

/* Begin PBXContainerItemProxy section */
		D73A754D257B181300C9E1FC /* PBXContainerItemProxy */ = {
			isa = PBXContainerItemProxy;
			containerPortal = D73A7533257B181200C9E1FC /* Project object */;
			proxyType = 1;
			remoteGlobalIDString = D73A753A257B181200C9E1FC;
			remoteInfo = "Learning Journey";
		};
		D73A7558257B181300C9E1FC /* PBXContainerItemProxy */ = {
			isa = PBXContainerItemProxy;
			containerPortal = D73A7533257B181200C9E1FC /* Project object */;
			proxyType = 1;
			remoteGlobalIDString = D73A753A257B181200C9E1FC;
			remoteInfo = "Learning Journey";
		};
/* End PBXContainerItemProxy section */

/* Begin PBXFileReference section */
		D7125C83257C4C0E00DC7FA2 /* CancelBag.swift */ = {isa = PBXFileReference; lastKnownFileType = sourcecode.swift; name = CancelBag.swift; path = ../../../../Downloads/CancelBag.swift; sourceTree = "<group>"; };
		D7125C88257C4CB200DC7FA2 /* Loadable.swift */ = {isa = PBXFileReference; lastKnownFileType = sourcecode.swift; path = Loadable.swift; sourceTree = "<group>"; };
		D7125C8D257C4D4B00DC7FA2 /* Helpers.swift */ = {isa = PBXFileReference; lastKnownFileType = sourcecode.swift; path = Helpers.swift; sourceTree = "<group>"; };
		D7125C92257C659000DC7FA2 /* Store.swift */ = {isa = PBXFileReference; lastKnownFileType = sourcecode.swift; path = Store.swift; sourceTree = "<group>"; };
		D7125C9A257C66F800DC7FA2 /* LearningRoadView.swift */ = {isa = PBXFileReference; lastKnownFileType = sourcecode.swift; path = LearningRoadView.swift; sourceTree = "<group>"; };
		D7125C9F257C6DC100DC7FA2 /* LearningObjectiveView.swift */ = {isa = PBXFileReference; lastKnownFileType = sourcecode.swift; path = LearningObjectiveView.swift; sourceTree = "<group>"; };
		D7125CB2257D378000DC7FA2 /* DefaultLearningJourneys.json */ = {isa = PBXFileReference; lastKnownFileType = text.json; name = DefaultLearningJourneys.json; path = "Learning Journey/DefaultLearningJourneys.json"; sourceTree = SOURCE_ROOT; };
		D7125CBA257D719E00DC7FA2 /* ImageManager.swift */ = {isa = PBXFileReference; lastKnownFileType = sourcecode.swift; path = ImageManager.swift; sourceTree = "<group>"; };
		D7125CC2257D786E00DC7FA2 /* ColorManager.swift */ = {isa = PBXFileReference; lastKnownFileType = sourcecode.swift; path = ColorManager.swift; sourceTree = "<group>"; };
		D7125CC8257DA0C900DC7FA2 /* TextPill.swift */ = {isa = PBXFileReference; lastKnownFileType = sourcecode.swift; path = TextPill.swift; sourceTree = "<group>"; };
		D7125CD0257DA7C500DC7FA2 /* Color+Extension.swift */ = {isa = PBXFileReference; lastKnownFileType = sourcecode.swift; path = "Color+Extension.swift"; sourceTree = "<group>"; };
		D7125CD5257DA7DE00DC7FA2 /* String+Random.swift */ = {isa = PBXFileReference; lastKnownFileType = sourcecode.swift; path = "String+Random.swift"; sourceTree = "<group>"; };
		D71F8354257DE194008B87F6 /* SearchBar.swift */ = {isa = PBXFileReference; lastKnownFileType = sourcecode.swift; path = SearchBar.swift; sourceTree = "<group>"; };
		D71F8359257DE6A7008B87F6 /* SystemsEventHandler.swift */ = {isa = PBXFileReference; lastKnownFileType = sourcecode.swift; path = SystemsEventHandler.swift; sourceTree = "<group>"; };
		D72F4E5A257C486E00EBBC69 /* LearningObjectivesLocalRepository.swift */ = {isa = PBXFileReference; lastKnownFileType = sourcecode.swift; path = LearningObjectivesLocalRepository.swift; sourceTree = "<group>"; };
		D72F4E66257C49BA00EBBC69 /* LazyList.swift */ = {isa = PBXFileReference; lastKnownFileType = sourcecode.swift; path = LazyList.swift; sourceTree = "<group>"; };
		D73A753B257B181200C9E1FC /* Learning Journey.app */ = {isa = PBXFileReference; explicitFileType = wrapper.application; includeInIndex = 0; path = "Learning Journey.app"; sourceTree = BUILT_PRODUCTS_DIR; };
		D73A753E257B181200C9E1FC /* Learning_JourneyApp.swift */ = {isa = PBXFileReference; lastKnownFileType = sourcecode.swift; path = Learning_JourneyApp.swift; sourceTree = "<group>"; };
		D73A7540257B181200C9E1FC /* ContentView.swift */ = {isa = PBXFileReference; lastKnownFileType = sourcecode.swift; path = ContentView.swift; sourceTree = "<group>"; };
		D73A7542257B181300C9E1FC /* Assets.xcassets */ = {isa = PBXFileReference; lastKnownFileType = folder.assetcatalog; path = Assets.xcassets; sourceTree = "<group>"; };
		D73A7545257B181300C9E1FC /* Preview Assets.xcassets */ = {isa = PBXFileReference; lastKnownFileType = folder.assetcatalog; path = "Preview Assets.xcassets"; sourceTree = "<group>"; };
		D73A7547257B181300C9E1FC /* Info.plist */ = {isa = PBXFileReference; lastKnownFileType = text.plist.xml; path = Info.plist; sourceTree = "<group>"; };
		D73A754C257B181300C9E1FC /* Learning JourneyTests.xctest */ = {isa = PBXFileReference; explicitFileType = wrapper.cfbundle; includeInIndex = 0; path = "Learning JourneyTests.xctest"; sourceTree = BUILT_PRODUCTS_DIR; };
		D73A7550257B181300C9E1FC /* Learning_JourneyTests.swift */ = {isa = PBXFileReference; lastKnownFileType = sourcecode.swift; path = Learning_JourneyTests.swift; sourceTree = "<group>"; };
		D73A7552257B181300C9E1FC /* Info.plist */ = {isa = PBXFileReference; lastKnownFileType = text.plist.xml; path = Info.plist; sourceTree = "<group>"; };
		D73A7557257B181300C9E1FC /* Learning JourneyUITests.xctest */ = {isa = PBXFileReference; explicitFileType = wrapper.cfbundle; includeInIndex = 0; path = "Learning JourneyUITests.xctest"; sourceTree = BUILT_PRODUCTS_DIR; };
		D73A755B257B181300C9E1FC /* Learning_JourneyUITests.swift */ = {isa = PBXFileReference; lastKnownFileType = sourcecode.swift; path = Learning_JourneyUITests.swift; sourceTree = "<group>"; };
		D73A755D257B181300C9E1FC /* Info.plist */ = {isa = PBXFileReference; lastKnownFileType = text.plist.xml; path = Info.plist; sourceTree = "<group>"; };
		D73A756C257B19A600C9E1FC /* Models.swift */ = {isa = PBXFileReference; lastKnownFileType = sourcecode.swift; path = Models.swift; sourceTree = "<group>"; };
		D73A7572257B1AF600C9E1FC /* MockedModel.swift */ = {isa = PBXFileReference; lastKnownFileType = sourcecode.swift; path = MockedModel.swift; sourceTree = "<group>"; };
		D73A7583257B1D1900C9E1FC /* AppState.swift */ = {isa = PBXFileReference; lastKnownFileType = sourcecode.swift; path = AppState.swift; sourceTree = "<group>"; };
		D73A7588257B1E2B00C9E1FC /* DependencyInjector.swift */ = {isa = PBXFileReference; lastKnownFileType = sourcecode.swift; path = DependencyInjector.swift; sourceTree = "<group>"; };
		D73A7592257B214700C9E1FC /* AppEnviroment.swift */ = {isa = PBXFileReference; lastKnownFileType = sourcecode.swift; path = AppEnviroment.swift; sourceTree = "<group>"; };
		D73A759B257B221D00C9E1FC /* LearningRoadInteractor.swift */ = {isa = PBXFileReference; lastKnownFileType = sourcecode.swift; path = LearningRoadInteractor.swift; sourceTree = "<group>"; };
		D73A75A4257B28F300C9E1FC /* LearningJourneyView.swift */ = {isa = PBXFileReference; lastKnownFileType = sourcecode.swift; path = LearningJourneyView.swift; sourceTree = "<group>"; };
/* End PBXFileReference section */

/* Begin PBXFrameworksBuildPhase section */
		D73A7538257B181200C9E1FC /* Frameworks */ = {
			isa = PBXFrameworksBuildPhase;
			buildActionMask = 2147483647;
			files = (
			);
			runOnlyForDeploymentPostprocessing = 0;
		};
		D73A7549257B181300C9E1FC /* Frameworks */ = {
			isa = PBXFrameworksBuildPhase;
			buildActionMask = 2147483647;
			files = (
			);
			runOnlyForDeploymentPostprocessing = 0;
		};
		D73A7554257B181300C9E1FC /* Frameworks */ = {
			isa = PBXFrameworksBuildPhase;
			buildActionMask = 2147483647;
			files = (
			);
			runOnlyForDeploymentPostprocessing = 0;
		};
/* End PBXFrameworksBuildPhase section */

/* Begin PBXGroup section */
		D7125CC7257DA0B400DC7FA2 /* Component */ = {
			isa = PBXGroup;
			children = (
				D7125CC8257DA0C900DC7FA2 /* TextPill.swift */,
				D71F8354257DE194008B87F6 /* SearchBar.swift */,
			);
			path = Component;
			sourceTree = "<group>";
		};
		D72F4E59257C484000EBBC69 /* Repositories */ = {
			isa = PBXGroup;
			children = (
				D72F4E5A257C486E00EBBC69 /* LearningObjectivesLocalRepository.swift */,
			);
			path = Repositories;
			sourceTree = "<group>";
		};
		D72F4E65257C499400EBBC69 /* Utils */ = {
			isa = PBXGroup;
			children = (
				D72F4E66257C49BA00EBBC69 /* LazyList.swift */,
				D7125C83257C4C0E00DC7FA2 /* CancelBag.swift */,
				D7125C88257C4CB200DC7FA2 /* Loadable.swift */,
				D7125C8D257C4D4B00DC7FA2 /* Helpers.swift */,
				D7125C92257C659000DC7FA2 /* Store.swift */,
				D7125CBA257D719E00DC7FA2 /* ImageManager.swift */,
				D7125CC2257D786E00DC7FA2 /* ColorManager.swift */,
				D7125CD0257DA7C500DC7FA2 /* Color+Extension.swift */,
				D7125CD5257DA7DE00DC7FA2 /* String+Random.swift */,
			);
			path = Utils;
			sourceTree = "<group>";
		};
		D73A7532257B181200C9E1FC = {
			isa = PBXGroup;
			children = (
				D73A753D257B181200C9E1FC /* Learning Journey */,
				D73A754F257B181300C9E1FC /* Learning JourneyTests */,
				D73A755A257B181300C9E1FC /* Learning JourneyUITests */,
				D73A753C257B181200C9E1FC /* Products */,
			);
			sourceTree = "<group>";
		};
		D73A753C257B181200C9E1FC /* Products */ = {
			isa = PBXGroup;
			children = (
				D73A753B257B181200C9E1FC /* Learning Journey.app */,
				D73A754C257B181300C9E1FC /* Learning JourneyTests.xctest */,
				D73A7557257B181300C9E1FC /* Learning JourneyUITests.xctest */,
			);
			name = Products;
			sourceTree = "<group>";
		};
		D73A753D257B181200C9E1FC /* Learning Journey */ = {
			isa = PBXGroup;
			children = (
				D7125CC7257DA0B400DC7FA2 /* Component */,
				D73A7590257B1FE000C9E1FC /* Injection */,
				D73A759A257B220700C9E1FC /* Interactors */,
				D73A7571257B1AE200C9E1FC /* Model */,
				D72F4E59257C484000EBBC69 /* Repositories */,
				D73A7591257B213C00C9E1FC /* System */,
				D72F4E65257C499400EBBC69 /* Utils */,
				D73A75A3257B28DF00C9E1FC /* View */,
				D73A753E257B181200C9E1FC /* Learning_JourneyApp.swift */,
				D73A7540257B181200C9E1FC /* ContentView.swift */,
				D73A7542257B181300C9E1FC /* Assets.xcassets */,
				D73A7547257B181300C9E1FC /* Info.plist */,
				D7125CB2257D378000DC7FA2 /* DefaultLearningJourneys.json */,
				D73A7544257B181300C9E1FC /* Preview Content */,
			);
			path = "Learning Journey";
			sourceTree = "<group>";
		};
		D73A7544257B181300C9E1FC /* Preview Content */ = {
			isa = PBXGroup;
			children = (
				D73A7545257B181300C9E1FC /* Preview Assets.xcassets */,
			);
			path = "Preview Content";
			sourceTree = "<group>";
		};
		D73A754F257B181300C9E1FC /* Learning JourneyTests */ = {
			isa = PBXGroup;
			children = (
				D73A7550257B181300C9E1FC /* Learning_JourneyTests.swift */,
				D73A7552257B181300C9E1FC /* Info.plist */,
			);
			path = "Learning JourneyTests";
			sourceTree = "<group>";
		};
		D73A755A257B181300C9E1FC /* Learning JourneyUITests */ = {
			isa = PBXGroup;
			children = (
				D73A755B257B181300C9E1FC /* Learning_JourneyUITests.swift */,
				D73A755D257B181300C9E1FC /* Info.plist */,
			);
			path = "Learning JourneyUITests";
			sourceTree = "<group>";
		};
		D73A7571257B1AE200C9E1FC /* Model */ = {
			isa = PBXGroup;
			children = (
				D73A756C257B19A600C9E1FC /* Models.swift */,
				D73A7572257B1AF600C9E1FC /* MockedModel.swift */,
			);
			path = Model;
			sourceTree = "<group>";
		};
		D73A7590257B1FE000C9E1FC /* Injection */ = {
			isa = PBXGroup;
			children = (
				D73A7583257B1D1900C9E1FC /* AppState.swift */,
				D73A7588257B1E2B00C9E1FC /* DependencyInjector.swift */,
			);
			path = Injection;
			sourceTree = "<group>";
		};
		D73A7591257B213C00C9E1FC /* System */ = {
			isa = PBXGroup;
			children = (
				D73A7592257B214700C9E1FC /* AppEnviroment.swift */,
				D71F8359257DE6A7008B87F6 /* SystemsEventHandler.swift */,
			);
			path = System;
			sourceTree = "<group>";
		};
		D73A759A257B220700C9E1FC /* Interactors */ = {
			isa = PBXGroup;
			children = (
				D73A759B257B221D00C9E1FC /* LearningRoadInteractor.swift */,
			);
			path = Interactors;
			sourceTree = "<group>";
		};
		D73A75A3257B28DF00C9E1FC /* View */ = {
			isa = PBXGroup;
			children = (
				D73A75A4257B28F300C9E1FC /* LearningJourneyView.swift */,
				D7125C9A257C66F800DC7FA2 /* LearningRoadView.swift */,
				D7125C9F257C6DC100DC7FA2 /* LearningObjectiveView.swift */,
			);
			path = View;
			sourceTree = "<group>";
		};
/* End PBXGroup section */

/* Begin PBXNativeTarget section */
		D73A753A257B181200C9E1FC /* Learning Journey */ = {
			isa = PBXNativeTarget;
			buildConfigurationList = D73A7560257B181300C9E1FC /* Build configuration list for PBXNativeTarget "Learning Journey" */;
			buildPhases = (
				D73A7537257B181200C9E1FC /* Sources */,
				D73A7538257B181200C9E1FC /* Frameworks */,
				D73A7539257B181200C9E1FC /* Resources */,
			);
			buildRules = (
			);
			dependencies = (
			);
			name = "Learning Journey";
			productName = "Learning Journey";
			productReference = D73A753B257B181200C9E1FC /* Learning Journey.app */;
			productType = "com.apple.product-type.application";
		};
		D73A754B257B181300C9E1FC /* Learning JourneyTests */ = {
			isa = PBXNativeTarget;
			buildConfigurationList = D73A7563257B181300C9E1FC /* Build configuration list for PBXNativeTarget "Learning JourneyTests" */;
			buildPhases = (
				D73A7548257B181300C9E1FC /* Sources */,
				D73A7549257B181300C9E1FC /* Frameworks */,
				D73A754A257B181300C9E1FC /* Resources */,
			);
			buildRules = (
			);
			dependencies = (
				D73A754E257B181300C9E1FC /* PBXTargetDependency */,
			);
			name = "Learning JourneyTests";
			productName = "Learning JourneyTests";
			productReference = D73A754C257B181300C9E1FC /* Learning JourneyTests.xctest */;
			productType = "com.apple.product-type.bundle.unit-test";
		};
		D73A7556257B181300C9E1FC /* Learning JourneyUITests */ = {
			isa = PBXNativeTarget;
			buildConfigurationList = D73A7566257B181300C9E1FC /* Build configuration list for PBXNativeTarget "Learning JourneyUITests" */;
			buildPhases = (
				D73A7553257B181300C9E1FC /* Sources */,
				D73A7554257B181300C9E1FC /* Frameworks */,
				D73A7555257B181300C9E1FC /* Resources */,
			);
			buildRules = (
			);
			dependencies = (
				D73A7559257B181300C9E1FC /* PBXTargetDependency */,
			);
			name = "Learning JourneyUITests";
			productName = "Learning JourneyUITests";
			productReference = D73A7557257B181300C9E1FC /* Learning JourneyUITests.xctest */;
			productType = "com.apple.product-type.bundle.ui-testing";
		};
/* End PBXNativeTarget section */

/* Begin PBXProject section */
		D73A7533257B181200C9E1FC /* Project object */ = {
			isa = PBXProject;
			attributes = {
				LastSwiftUpdateCheck = 1220;
				LastUpgradeCheck = 1220;
				TargetAttributes = {
					D73A753A257B181200C9E1FC = {
						CreatedOnToolsVersion = 12.2;
					};
					D73A754B257B181300C9E1FC = {
						CreatedOnToolsVersion = 12.2;
						TestTargetID = D73A753A257B181200C9E1FC;
					};
					D73A7556257B181300C9E1FC = {
						CreatedOnToolsVersion = 12.2;
						TestTargetID = D73A753A257B181200C9E1FC;
					};
				};
			};
			buildConfigurationList = D73A7536257B181200C9E1FC /* Build configuration list for PBXProject "Learning Journey" */;
			compatibilityVersion = "Xcode 9.3";
			developmentRegion = en;
			hasScannedForEncodings = 0;
			knownRegions = (
				en,
				Base,
			);
			mainGroup = D73A7532257B181200C9E1FC;
			productRefGroup = D73A753C257B181200C9E1FC /* Products */;
			projectDirPath = "";
			projectRoot = "";
			targets = (
				D73A753A257B181200C9E1FC /* Learning Journey */,
				D73A754B257B181300C9E1FC /* Learning JourneyTests */,
				D73A7556257B181300C9E1FC /* Learning JourneyUITests */,
			);
		};
/* End PBXProject section */

/* Begin PBXResourcesBuildPhase section */
		D73A7539257B181200C9E1FC /* Resources */ = {
			isa = PBXResourcesBuildPhase;
			buildActionMask = 2147483647;
			files = (
				D73A7546257B181300C9E1FC /* Preview Assets.xcassets in Resources */,
				D7125CB3257D378000DC7FA2 /* DefaultLearningJourneys.json in Resources */,
				D73A7543257B181300C9E1FC /* Assets.xcassets in Resources */,
			);
			runOnlyForDeploymentPostprocessing = 0;
		};
		D73A754A257B181300C9E1FC /* Resources */ = {
			isa = PBXResourcesBuildPhase;
			buildActionMask = 2147483647;
			files = (
			);
			runOnlyForDeploymentPostprocessing = 0;
		};
		D73A7555257B181300C9E1FC /* Resources */ = {
			isa = PBXResourcesBuildPhase;
			buildActionMask = 2147483647;
			files = (
			);
			runOnlyForDeploymentPostprocessing = 0;
		};
/* End PBXResourcesBuildPhase section */

/* Begin PBXSourcesBuildPhase section */
		D73A7537257B181200C9E1FC /* Sources */ = {
			isa = PBXSourcesBuildPhase;
			buildActionMask = 2147483647;
			files = (
				D73A759C257B221D00C9E1FC /* LearningRoadInteractor.swift in Sources */,
				D7125CD1257DA7C500DC7FA2 /* Color+Extension.swift in Sources */,
				D7125C8E257C4D4B00DC7FA2 /* Helpers.swift in Sources */,
				D7125CA0257C6DC100DC7FA2 /* LearningObjectiveView.swift in Sources */,
				D71F835A257DE6A7008B87F6 /* SystemsEventHandler.swift in Sources */,
				D7125CC9257DA0C900DC7FA2 /* TextPill.swift in Sources */,
				D7125CBB257D719E00DC7FA2 /* ImageManager.swift in Sources */,
				D7125C9B257C66F800DC7FA2 /* LearningRoadView.swift in Sources */,
				D73A7573257B1AF600C9E1FC /* MockedModel.swift in Sources */,
				D7125C84257C4C0E00DC7FA2 /* CancelBag.swift in Sources */,
				D7125CC3257D786E00DC7FA2 /* ColorManager.swift in Sources */,
				D73A7584257B1D1900C9E1FC /* AppState.swift in Sources */,
				D7125C89257C4CB200DC7FA2 /* Loadable.swift in Sources */,
				D73A756D257B19A600C9E1FC /* Models.swift in Sources */,
				D73A7541257B181200C9E1FC /* ContentView.swift in Sources */,
				D73A7589257B1E2B00C9E1FC /* DependencyInjector.swift in Sources */,
				D73A7593257B214700C9E1FC /* AppEnviroment.swift in Sources */,
				D71F8355257DE194008B87F6 /* SearchBar.swift in Sources */,
				D72F4E5B257C486E00EBBC69 /* LearningObjectivesLocalRepository.swift in Sources */,
				D73A75A5257B28F300C9E1FC /* LearningJourneyView.swift in Sources */,
				D7125C93257C659000DC7FA2 /* Store.swift in Sources */,
				D7125CD6257DA7DE00DC7FA2 /* String+Random.swift in Sources */,
				D73A753F257B181200C9E1FC /* Learning_JourneyApp.swift in Sources */,
				D72F4E67257C49BA00EBBC69 /* LazyList.swift in Sources */,
			);
			runOnlyForDeploymentPostprocessing = 0;
		};
		D73A7548257B181300C9E1FC /* Sources */ = {
			isa = PBXSourcesBuildPhase;
			buildActionMask = 2147483647;
			files = (
				D73A7551257B181300C9E1FC /* Learning_JourneyTests.swift in Sources */,
			);
			runOnlyForDeploymentPostprocessing = 0;
		};
		D73A7553257B181300C9E1FC /* Sources */ = {
			isa = PBXSourcesBuildPhase;
			buildActionMask = 2147483647;
			files = (
				D73A755C257B181300C9E1FC /* Learning_JourneyUITests.swift in Sources */,
			);
			runOnlyForDeploymentPostprocessing = 0;
		};
/* End PBXSourcesBuildPhase section */

/* Begin PBXTargetDependency section */
		D73A754E257B181300C9E1FC /* PBXTargetDependency */ = {
			isa = PBXTargetDependency;
			target = D73A753A257B181200C9E1FC /* Learning Journey */;
			targetProxy = D73A754D257B181300C9E1FC /* PBXContainerItemProxy */;
		};
		D73A7559257B181300C9E1FC /* PBXTargetDependency */ = {
			isa = PBXTargetDependency;
			target = D73A753A257B181200C9E1FC /* Learning Journey */;
			targetProxy = D73A7558257B181300C9E1FC /* PBXContainerItemProxy */;
		};
/* End PBXTargetDependency section */

/* Begin XCBuildConfiguration section */
		D73A755E257B181300C9E1FC /* Debug */ = {
			isa = XCBuildConfiguration;
			buildSettings = {
				ALWAYS_SEARCH_USER_PATHS = NO;
				CLANG_ANALYZER_NONNULL = YES;
				CLANG_ANALYZER_NUMBER_OBJECT_CONVERSION = YES_AGGRESSIVE;
				CLANG_CXX_LANGUAGE_STANDARD = "gnu++14";
				CLANG_CXX_LIBRARY = "libc++";
				CLANG_ENABLE_MODULES = YES;
				CLANG_ENABLE_OBJC_ARC = YES;
				CLANG_ENABLE_OBJC_WEAK = YES;
				CLANG_WARN_BLOCK_CAPTURE_AUTORELEASING = YES;
				CLANG_WARN_BOOL_CONVERSION = YES;
				CLANG_WARN_COMMA = YES;
				CLANG_WARN_CONSTANT_CONVERSION = YES;
				CLANG_WARN_DEPRECATED_OBJC_IMPLEMENTATIONS = YES;
				CLANG_WARN_DIRECT_OBJC_ISA_USAGE = YES_ERROR;
				CLANG_WARN_DOCUMENTATION_COMMENTS = YES;
				CLANG_WARN_EMPTY_BODY = YES;
				CLANG_WARN_ENUM_CONVERSION = YES;
				CLANG_WARN_INFINITE_RECURSION = YES;
				CLANG_WARN_INT_CONVERSION = YES;
				CLANG_WARN_NON_LITERAL_NULL_CONVERSION = YES;
				CLANG_WARN_OBJC_IMPLICIT_RETAIN_SELF = YES;
				CLANG_WARN_OBJC_LITERAL_CONVERSION = YES;
				CLANG_WARN_OBJC_ROOT_CLASS = YES_ERROR;
				CLANG_WARN_QUOTED_INCLUDE_IN_FRAMEWORK_HEADER = YES;
				CLANG_WARN_RANGE_LOOP_ANALYSIS = YES;
				CLANG_WARN_STRICT_PROTOTYPES = YES;
				CLANG_WARN_SUSPICIOUS_MOVE = YES;
				CLANG_WARN_UNGUARDED_AVAILABILITY = YES_AGGRESSIVE;
				CLANG_WARN_UNREACHABLE_CODE = YES;
				CLANG_WARN__DUPLICATE_METHOD_MATCH = YES;
				COPY_PHASE_STRIP = NO;
				DEBUG_INFORMATION_FORMAT = dwarf;
				ENABLE_STRICT_OBJC_MSGSEND = YES;
				ENABLE_TESTABILITY = YES;
				GCC_C_LANGUAGE_STANDARD = gnu11;
				GCC_DYNAMIC_NO_PIC = NO;
				GCC_NO_COMMON_BLOCKS = YES;
				GCC_OPTIMIZATION_LEVEL = 0;
				GCC_PREPROCESSOR_DEFINITIONS = (
					"DEBUG=1",
					"$(inherited)",
				);
				GCC_WARN_64_TO_32_BIT_CONVERSION = YES;
				GCC_WARN_ABOUT_RETURN_TYPE = YES_ERROR;
				GCC_WARN_UNDECLARED_SELECTOR = YES;
				GCC_WARN_UNINITIALIZED_AUTOS = YES_AGGRESSIVE;
				GCC_WARN_UNUSED_FUNCTION = YES;
				GCC_WARN_UNUSED_VARIABLE = YES;
				IPHONEOS_DEPLOYMENT_TARGET = 14.2;
				MTL_ENABLE_DEBUG_INFO = INCLUDE_SOURCE;
				MTL_FAST_MATH = YES;
				ONLY_ACTIVE_ARCH = YES;
				SDKROOT = iphoneos;
				SWIFT_ACTIVE_COMPILATION_CONDITIONS = DEBUG;
				SWIFT_OPTIMIZATION_LEVEL = "-Onone";
			};
			name = Debug;
		};
		D73A755F257B181300C9E1FC /* Release */ = {
			isa = XCBuildConfiguration;
			buildSettings = {
				ALWAYS_SEARCH_USER_PATHS = NO;
				CLANG_ANALYZER_NONNULL = YES;
				CLANG_ANALYZER_NUMBER_OBJECT_CONVERSION = YES_AGGRESSIVE;
				CLANG_CXX_LANGUAGE_STANDARD = "gnu++14";
				CLANG_CXX_LIBRARY = "libc++";
				CLANG_ENABLE_MODULES = YES;
				CLANG_ENABLE_OBJC_ARC = YES;
				CLANG_ENABLE_OBJC_WEAK = YES;
				CLANG_WARN_BLOCK_CAPTURE_AUTORELEASING = YES;
				CLANG_WARN_BOOL_CONVERSION = YES;
				CLANG_WARN_COMMA = YES;
				CLANG_WARN_CONSTANT_CONVERSION = YES;
				CLANG_WARN_DEPRECATED_OBJC_IMPLEMENTATIONS = YES;
				CLANG_WARN_DIRECT_OBJC_ISA_USAGE = YES_ERROR;
				CLANG_WARN_DOCUMENTATION_COMMENTS = YES;
				CLANG_WARN_EMPTY_BODY = YES;
				CLANG_WARN_ENUM_CONVERSION = YES;
				CLANG_WARN_INFINITE_RECURSION = YES;
				CLANG_WARN_INT_CONVERSION = YES;
				CLANG_WARN_NON_LITERAL_NULL_CONVERSION = YES;
				CLANG_WARN_OBJC_IMPLICIT_RETAIN_SELF = YES;
				CLANG_WARN_OBJC_LITERAL_CONVERSION = YES;
				CLANG_WARN_OBJC_ROOT_CLASS = YES_ERROR;
				CLANG_WARN_QUOTED_INCLUDE_IN_FRAMEWORK_HEADER = YES;
				CLANG_WARN_RANGE_LOOP_ANALYSIS = YES;
				CLANG_WARN_STRICT_PROTOTYPES = YES;
				CLANG_WARN_SUSPICIOUS_MOVE = YES;
				CLANG_WARN_UNGUARDED_AVAILABILITY = YES_AGGRESSIVE;
				CLANG_WARN_UNREACHABLE_CODE = YES;
				CLANG_WARN__DUPLICATE_METHOD_MATCH = YES;
				COPY_PHASE_STRIP = NO;
				DEBUG_INFORMATION_FORMAT = "dwarf-with-dsym";
				ENABLE_NS_ASSERTIONS = NO;
				ENABLE_STRICT_OBJC_MSGSEND = YES;
				GCC_C_LANGUAGE_STANDARD = gnu11;
				GCC_NO_COMMON_BLOCKS = YES;
				GCC_WARN_64_TO_32_BIT_CONVERSION = YES;
				GCC_WARN_ABOUT_RETURN_TYPE = YES_ERROR;
				GCC_WARN_UNDECLARED_SELECTOR = YES;
				GCC_WARN_UNINITIALIZED_AUTOS = YES_AGGRESSIVE;
				GCC_WARN_UNUSED_FUNCTION = YES;
				GCC_WARN_UNUSED_VARIABLE = YES;
				IPHONEOS_DEPLOYMENT_TARGET = 14.2;
				MTL_ENABLE_DEBUG_INFO = NO;
				MTL_FAST_MATH = YES;
				SDKROOT = iphoneos;
				SWIFT_COMPILATION_MODE = wholemodule;
				SWIFT_OPTIMIZATION_LEVEL = "-O";
				VALIDATE_PRODUCT = YES;
			};
			name = Release;
		};
		D73A7561257B181300C9E1FC /* Debug */ = {
			isa = XCBuildConfiguration;
			buildSettings = {
				ASSETCATALOG_COMPILER_APPICON_NAME = AppIcon;
				ASSETCATALOG_COMPILER_GLOBAL_ACCENT_COLOR_NAME = AccentColor;
				CODE_SIGN_STYLE = Automatic;
				DEVELOPMENT_ASSET_PATHS = "\"Learning Journey/Preview Content\"";
				DEVELOPMENT_TEAM = QM43B7QRF9;
				ENABLE_PREVIEWS = YES;
				INFOPLIST_FILE = "Learning Journey/Info.plist";
				IPHONEOS_DEPLOYMENT_TARGET = 14.0;
				LD_RUNPATH_SEARCH_PATHS = (
					"$(inherited)",
					"@executable_path/Frameworks",
				);
				PRODUCT_BUNDLE_IDENTIFIER = "dev.pastre.learningjourney.Learning-Journey";
				PRODUCT_NAME = "$(TARGET_NAME)";
				SWIFT_VERSION = 5.0;
				TARGETED_DEVICE_FAMILY = "1,2";
			};
			name = Debug;
		};
		D73A7562257B181300C9E1FC /* Release */ = {
			isa = XCBuildConfiguration;
			buildSettings = {
				ASSETCATALOG_COMPILER_APPICON_NAME = AppIcon;
				ASSETCATALOG_COMPILER_GLOBAL_ACCENT_COLOR_NAME = AccentColor;
				CODE_SIGN_STYLE = Automatic;
				DEVELOPMENT_ASSET_PATHS = "\"Learning Journey/Preview Content\"";
				DEVELOPMENT_TEAM = QM43B7QRF9;
				ENABLE_PREVIEWS = YES;
				INFOPLIST_FILE = "Learning Journey/Info.plist";
				IPHONEOS_DEPLOYMENT_TARGET = 14.0;
				LD_RUNPATH_SEARCH_PATHS = (
					"$(inherited)",
					"@executable_path/Frameworks",
				);
				PRODUCT_BUNDLE_IDENTIFIER = "dev.pastre.learningjourney.Learning-Journey";
				PRODUCT_NAME = "$(TARGET_NAME)";
				SWIFT_VERSION = 5.0;
				TARGETED_DEVICE_FAMILY = "1,2";
			};
			name = Release;
		};
		D73A7564257B181300C9E1FC /* Debug */ = {
			isa = XCBuildConfiguration;
			buildSettings = {
				ALWAYS_EMBED_SWIFT_STANDARD_LIBRARIES = YES;
				BUNDLE_LOADER = "$(TEST_HOST)";
				CODE_SIGN_STYLE = Automatic;
				DEVELOPMENT_TEAM = QM43B7QRF9;
				INFOPLIST_FILE = "Learning JourneyTests/Info.plist";
				IPHONEOS_DEPLOYMENT_TARGET = 14.0;
				LD_RUNPATH_SEARCH_PATHS = (
					"$(inherited)",
					"@executable_path/Frameworks",
					"@loader_path/Frameworks",
				);
				PRODUCT_BUNDLE_IDENTIFIER = "dev.pastre.learningjourney.Learning-JourneyTests";
				PRODUCT_NAME = "$(TARGET_NAME)";
				SWIFT_VERSION = 5.0;
				TARGETED_DEVICE_FAMILY = "1,2";
				TEST_HOST = "$(BUILT_PRODUCTS_DIR)/Learning Journey.app/Learning Journey";
			};
			name = Debug;
		};
		D73A7565257B181300C9E1FC /* Release */ = {
			isa = XCBuildConfiguration;
			buildSettings = {
				ALWAYS_EMBED_SWIFT_STANDARD_LIBRARIES = YES;
				BUNDLE_LOADER = "$(TEST_HOST)";
				CODE_SIGN_STYLE = Automatic;
				DEVELOPMENT_TEAM = QM43B7QRF9;
				INFOPLIST_FILE = "Learning JourneyTests/Info.plist";
				IPHONEOS_DEPLOYMENT_TARGET = 14.0;
				LD_RUNPATH_SEARCH_PATHS = (
					"$(inherited)",
					"@executable_path/Frameworks",
					"@loader_path/Frameworks",
				);
				PRODUCT_BUNDLE_IDENTIFIER = "dev.pastre.learningjourney.Learning-JourneyTests";
				PRODUCT_NAME = "$(TARGET_NAME)";
				SWIFT_VERSION = 5.0;
				TARGETED_DEVICE_FAMILY = "1,2";
				TEST_HOST = "$(BUILT_PRODUCTS_DIR)/Learning Journey.app/Learning Journey";
			};
			name = Release;
		};
		D73A7567257B181300C9E1FC /* Debug */ = {
			isa = XCBuildConfiguration;
			buildSettings = {
				ALWAYS_EMBED_SWIFT_STANDARD_LIBRARIES = YES;
				CODE_SIGN_STYLE = Automatic;
				DEVELOPMENT_TEAM = QM43B7QRF9;
				INFOPLIST_FILE = "Learning JourneyUITests/Info.plist";
				LD_RUNPATH_SEARCH_PATHS = (
					"$(inherited)",
					"@executable_path/Frameworks",
					"@loader_path/Frameworks",
				);
				PRODUCT_BUNDLE_IDENTIFIER = "dev.pastre.learningjourney.Learning-JourneyUITests";
				PRODUCT_NAME = "$(TARGET_NAME)";
				SWIFT_VERSION = 5.0;
				TARGETED_DEVICE_FAMILY = "1,2";
				TEST_TARGET_NAME = "Learning Journey";
			};
			name = Debug;
		};
		D73A7568257B181300C9E1FC /* Release */ = {
			isa = XCBuildConfiguration;
			buildSettings = {
				ALWAYS_EMBED_SWIFT_STANDARD_LIBRARIES = YES;
				CODE_SIGN_STYLE = Automatic;
				DEVELOPMENT_TEAM = QM43B7QRF9;
				INFOPLIST_FILE = "Learning JourneyUITests/Info.plist";
				LD_RUNPATH_SEARCH_PATHS = (
					"$(inherited)",
					"@executable_path/Frameworks",
					"@loader_path/Frameworks",
				);
				PRODUCT_BUNDLE_IDENTIFIER = "dev.pastre.learningjourney.Learning-JourneyUITests";
				PRODUCT_NAME = "$(TARGET_NAME)";
				SWIFT_VERSION = 5.0;
				TARGETED_DEVICE_FAMILY = "1,2";
				TEST_TARGET_NAME = "Learning Journey";
			};
			name = Release;
		};
/* End XCBuildConfiguration section */

/* Begin XCConfigurationList section */
		D73A7536257B181200C9E1FC /* Build configuration list for PBXProject "Learning Journey" */ = {
			isa = XCConfigurationList;
			buildConfigurations = (
				D73A755E257B181300C9E1FC /* Debug */,
				D73A755F257B181300C9E1FC /* Release */,
			);
			defaultConfigurationIsVisible = 0;
			defaultConfigurationName = Release;
		};
		D73A7560257B181300C9E1FC /* Build configuration list for PBXNativeTarget "Learning Journey" */ = {
			isa = XCConfigurationList;
			buildConfigurations = (
				D73A7561257B181300C9E1FC /* Debug */,
				D73A7562257B181300C9E1FC /* Release */,
			);
			defaultConfigurationIsVisible = 0;
			defaultConfigurationName = Release;
		};
		D73A7563257B181300C9E1FC /* Build configuration list for PBXNativeTarget "Learning JourneyTests" */ = {
			isa = XCConfigurationList;
			buildConfigurations = (
				D73A7564257B181300C9E1FC /* Debug */,
				D73A7565257B181300C9E1FC /* Release */,
			);
			defaultConfigurationIsVisible = 0;
			defaultConfigurationName = Release;
		};
		D73A7566257B181300C9E1FC /* Build configuration list for PBXNativeTarget "Learning JourneyUITests" */ = {
			isa = XCConfigurationList;
			buildConfigurations = (
				D73A7567257B181300C9E1FC /* Debug */,
				D73A7568257B181300C9E1FC /* Release */,
			);
			defaultConfigurationIsVisible = 0;
			defaultConfigurationName = Release;
		};
/* End XCConfigurationList section */
	};
	rootObject = D73A7533257B181200C9E1FC /* Project object */;
}
